
Microsoft Visual Studio Solution File, Format Version 12.00
# Visual Studio Version 17
VisualStudioVersion = 17.14.36616.10 d17.14
MinimumVisualStudioVersion = 10.0.40219.1
Project("{FAE04EC0-301F-11D3-BF4B-00C04F79EFBC}") = "GlobalAutoLibrary", "GlobalAutoLibrary\GlobalAutoLibrary.csproj", "{E23C37F6-2345-479C-811A-ED0C346F3486}"
EndProject
Project("{FAE04EC0-301F-11D3-BF4B-00C04F79EFBC}") = "GlobalAutoAPI", "GlobalAutoAPI\GlobalAutoAPI.csproj", "{BCF13D9E-EC2A-4A5E-AC35-DC52C095CBF7}"
EndProject
Global
	GlobalSection(SolutionConfigurationPlatforms) = preSolution
		Debug|Any CPU = Debug|Any CPU
		Release|Any CPU = Release|Any CPU
	EndGlobalSection
	GlobalSection(ProjectConfigurationPlatforms) = postSolution
		{E23C37F6-2345-479C-811A-ED0C346F3486}.Debug|Any CPU.ActiveCfg = Debug|Any CPU
		{E23C37F6-2345-479C-811A-ED0C346F3486}.Debug|Any CPU.Build.0 = Debug|Any CPU
		{E23C37F6-2345-479C-811A-ED0C346F3486}.Release|Any CPU.ActiveCfg = Release|Any CPU
		{E23C37F6-2345-479C-811A-ED0C346F3486}.Release|Any CPU.Build.0 = Release|Any CPU
		{BCF13D9E-EC2A-4A5E-AC35-DC52C095CBF7}.Debug|Any CPU.ActiveCfg = Debug|Any CPU
		{BCF13D9E-EC2A-4A5E-AC35-DC52C095CBF7}.Debug|Any CPU.Build.0 = Debug|Any CPU
		{BCF13D9E-EC2A-4A5E-AC35-DC52C095CBF7}.Release|Any CPU.ActiveCfg = Release|Any CPU
		{BCF13D9E-EC2A-4A5E-AC35-DC52C095CBF7}.Release|Any CPU.Build.0 = Release|Any CPU
	EndGlobalSection
	GlobalSection(SolutionProperties) = preSolution
		HideSolutionNode = FALSE
	EndGlobalSection
	GlobalSection(ExtensibilityGlobals) = postSolution
		SolutionGuid = {95CA3131-4C56-4D89-BFA6-F03C10396A5F}
	EndGlobalSection
EndGlobal
